{
  "projects": [
    {
      "projectId": "caTPwKxj5ZrD9LQ7DMdK4Z",
      "version": "3.42.0",
      "dependencies": {},
      "lang": "ts",
      "fileLocks": [
        {
          "assetId": "caTPwKxj5ZrD9LQ7DMdK4Z",
          "type": "projectCss",
          "checksum": "1c02168c6b23256606111fdfdbb63549"
        }
      ],
      "codegenVersion": "0.0.1"
    },
    {
      "projectId": "4ZGquwTsYbHEmYTQjLVG82",
      "version": "latest",
      "dependencies": {
        "caTPwKxj5ZrD9LQ7DMdK4Z": "3.42.0"
      },
      "lang": "ts",
      "fileLocks": [
        {
          "type": "globalVariant",
          "assetId": "FzDljx0p5qq8",
          "checksum": "51b58f49d122aef7e1af73c4cdc5f9c5"
        },
        {
          "type": "renderModule",
          "assetId": "5CUlIYp5tQb0",
          "checksum": "96c09531f8dc2392dca5c132482e8523"
        },
        {
          "type": "cssRules",
          "assetId": "5CUlIYp5tQb0",
          "checksum": "96c09531f8dc2392dca5c132482e8523"
        },
        {
          "type": "renderModule",
          "assetId": "DN2OfxkKwMtl",
          "checksum": "51b2472b2594c55d635c5e5245e285c8"
        },
        {
          "type": "cssRules",
          "assetId": "DN2OfxkKwMtl",
          "checksum": "51b2472b2594c55d635c5e5245e285c8"
        },
        {
          "type": "renderModule",
          "assetId": "35ZouyTENkJc",
          "checksum": "3a488b7864980c5671dc111e67a52a9f"
        },
        {
          "type": "cssRules",
          "assetId": "35ZouyTENkJc",
          "checksum": "3a488b7864980c5671dc111e67a52a9f"
        },
        {
          "type": "icon",
          "assetId": "w-WY-0yd0Dh6",
          "checksum": "ff4b7a180660a253ccec886e4101eb3c"
        },
        {
          "type": "icon",
          "assetId": "2OoIjXE4Dfc7",
          "checksum": "71f34f486bfd29bc7b24dedd342eeb33"
        },
        {
          "type": "icon",
          "assetId": "UQgl515eAxHa",
          "checksum": "815b33bb4d2187a1eb90c989428d6ff5"
        },
        {
          "type": "image",
          "assetId": "unX7HM5llVwD",
          "checksum": "ab2d867e72bfc1a6b2839edf9a9cbd68"
        },
        {
          "assetId": "4ZGquwTsYbHEmYTQjLVG82",
          "type": "projectCss",
          "checksum": "7551fbbbd21a2105c2b11b54ec9302ac"
        }
      ],
      "codegenVersion": "0.0.1"
    }
  ],
  "cliVersion": "0.1.331"
}
